<?xml version="1.0" encoding="UTF-8" standalone="yes" ?>
<CodeBlocks_project_file>
	<FileVersion major="1" minor="6" />
	<Project>
		<Option title="ngrok-c" />
		<Option pch_mode="2" />
		<Option compiler="gcc" />
		<Build>
			<Target title="Debug">
				<Option output="bin/Debug/ngrokc" prefix_auto="1" extension_auto="1" />
				<Option object_output="obj/Debug/" />
				<Option type="1" />
				<Option compiler="gcc" />
				<Option parameters="-SER[Shost:tunnel.qydev.com,Sport:4443] -AddTun[Type:http,Lhost:127.0.0.1,Lport:80,Sdname:xxdosgo,Hostheader:localhost] " />
				<Compiler>
					<Add option="-m32" />
					<Add option="-g" />
				</Compiler>
				<Linker>
					<Add option="-m32" />
					<Add library="D:/c/ngrok-c/openssl/libcrypto.dll.a" />
					<Add library="D:/c/ngrok-c/openssl/libssl.dll.a" />
					<Add library="C:/TDM-GCC-64/x86_64-w64-mingw32/lib32/libws2_32.a" />
				</Linker>
			</Target>
			<Target title="Release">
				<Option output="bin/Release/ngrokc" prefix_auto="1" extension_auto="1" />
				<Option object_output="obj/Release/" />
				<Option type="1" />
				<Option compiler="gcc" />
				<Option parameters="-SER[Shost:tunnel.qydev.com,Sport:4443] -AddTun[Type:http,Lhost:127.0.0.1,Lport:80,Sdname:xxdosgo,Hostheader:localhost] " />
				<Compiler>
					<Add option="-O2" />
					<Add option="-m32" />
				</Compiler>
				<Linker>
					<Add option="-s" />
					<Add option="-m32" />
					<Add library="C:/TDM-GCC-64/x86_64-w64-mingw32/lib32/libws2_32.a" />
					<Add library="D:/c/ngrok-c/openssl/libcrypto.dll.a" />
					<Add library="D:/c/ngrok-c/openssl/libssl.dll.a" />
				</Linker>
			</Target>
		</Build>
		<Compiler>
			<Add option="-Wall" />
			<Add option="-fexceptions" />
		</Compiler>
		<Unit filename="base64.c">
			<Option compilerVar="CC" />
		</Unit>
		<Unit filename="base64.h" />
		<Unit filename="bytestool.h" />
		<Unit filename="cJSON.c">
			<Option compilerVar="CC" />
		</Unit>
		<Unit filename="cJSON.h" />
		<Unit filename="config.h" />
		<Unit filename="global.cpp" />
		<Unit filename="global.h" />
		<Unit filename="main.cpp" />
		<Unit filename="ngrok.cpp" />
		<Unit filename="ngrok.h" />
		<Unit filename="nonblocking.cpp" />
		<Unit filename="nonblocking.h" />
		<Unit filename="opensslbio.cpp" />
		<Unit filename="opensslbio.h" />
		<Unit filename="openssldl.cpp" />
		<Unit filename="openssldl.h" />
		<Unit filename="polarsslbio.cpp" />
		<Unit filename="polarsslbio.h" />
		<Unit filename="sendmsg.cpp" />
		<Unit filename="sendmsg.h" />
		<Unit filename="sslbio.h" />
		<Unit filename="udp.cpp" />
		<Unit filename="udp.h" />
		<Extensions>
			<code_completion />
			<debugger />
			<envvars />
		</Extensions>
	</Project>
</CodeBlocks_project_file>
